<?xml version="1.0" encoding="utf-8"?>
<Project ToolsVersion="4.0" xmlns="http://schemas.microsoft.com/developer/msbuild/2003">
  <ItemGroup>
    <Filter Include="Source Files">
      <UniqueIdentifier>{4FC737F1-C7A5-4376-A066-2A32D752A2FF}</UniqueIdentifier>
      <Extensions>cpp;c;cc;cxx;def;odl;idl;hpj;bat;asm;asmx</Extensions>
    </Filter>
    <Filter Include="Header Files">
      <UniqueIdentifier>{93995380-89BD-4b04-88EB-625FBE52EBFB}</UniqueIdentifier>
      <Extensions>h;hh;hpp;hxx;hm;inl;inc;xsd</Extensions>
    </Filter>
    <Filter Include="Resource Files">
      <UniqueIdentifier>{67DA6AB6-F800-4c08-8B7A-83BB121AAD01}</UniqueIdentifier>
      <Extensions>rc;ico;cur;bmp;dlg;rc2;rct;bin;rgs;gif;jpg;jpeg;jpe;resx;tiff;tif;png;wav;mfcribbon-ms</Extensions>
    </Filter>
    <Filter Include="Source Files\UI">
      <UniqueIdentifier>{a04f03eb-7fc4-4369-bf23-222bbb30f446}</UniqueIdentifier>
    </Filter>
    <Filter Include="Header Files\UI">
      <UniqueIdentifier>{db6a15fc-d98f-4a23-a3e9-91b5255a4bd8}</UniqueIdentifier>
    </Filter>
    <Filter Include="Header Files\Minizp">
      <UniqueIdentifier>{5edc1ca1-3f3a-4cf9-988a-81cac0e239ed}</UniqueIdentifier>
    </Filter>
    <Filter Include="Source Files\Minizip">
      <UniqueIdentifier>{a97292c5-7af2-4fee-9233-96059e1f3cbb}</UniqueIdentifier>
    </Filter>
    <Filter Include="Source Files\imageres">
      <UniqueIdentifier>{82bec416-586c-4ccf-a332-b37d13385c34}</UniqueIdentifier>
    </Filter>
    <Filter Include="Header Files\imageres">
      <UniqueIdentifier>{70fbadb5-b218-4654-8bab-71c478cc0f44}</UniqueIdentifier>
    </Filter>
  </ItemGroup>
  <ItemGroup>
    <ClCompile Include="main.cpp">
      <Filter>Source Files</Filter>
    </ClCompile>
    <ClCompile Include="Mesh.cpp">
      <Filter>Source Files</Filter>
    </ClCompile>
    <ClCompile Include="ObjImporter.cpp">
      <Filter>Source Files</Filter>
    </ClCompile>
    <ClCompile Include="Settings.cpp">
      <Filter>Source Files</Filter>
    </ClCompile>
    <ClCompile Include="Triangle.cpp">
      <Filter>Source Files</Filter>
    </ClCompile>
    <ClCompile Include="AABoundingBox.cpp">
      <Filter>Source Files</Filter>
    </ClCompile>
    <ClCompile Include="Surface.cpp">
      <Filter>Source Files</Filter>
    </ClCompile>
    <ClCompile Include="Perimeter.cpp">
      <Filter>Source Files</Filter>
    </ClCompile>
    <ClCompile Include="Line.cpp">
      <Filter>Source Files</Filter>
    </ClCompile>
    <ClCompile Include="Vertex.cpp">
      <Filter>Source Files</Filter>
    </ClCompile>
    <ClCompile Include="Layer.cpp">
      <Filter>Source Files</Filter>
    </ClCompile>
    <ClCompile Include="GCodeVisualizer.cpp">
      <Filter>Source Files</Filter>
    </ClCompile>
    <ClCompile Include="Infill.cpp">
      <Filter>Source Files</Filter>
    </ClCompile>
    <ClCompile Include="GCodeWriter.cpp">
      <Filter>Source Files</Filter>
    </ClCompile>
    <ClCompile Include="RSPolygon.cpp">
      <Filter>Source Files</Filter>
    </ClCompile>
    <ClCompile Include="BodySplitterTexture.cpp">
      <Filter>Source Files</Filter>
    </ClCompile>
    <ClCompile Include="PrimeTowerHandler.cpp">
      <Filter>Source Files</Filter>
    </ClCompile>
    <ClCompile Include="Dialogs.cpp">
      <Filter>Source Files</Filter>
    </ClCompile>
    <ClCompile Include="Slicer.cpp">
      <Filter>Source Files</Filter>
    </ClCompile>
    <ClCompile Include="ClipperLib\RoVaclipper.cpp">
      <Filter>Source Files</Filter>
    </ClCompile>
    <ClCompile Include="CameraControl.cpp">
      <Filter>Source Files</Filter>
    </ClCompile>
    <ClCompile Include="MotionPlanner.cpp">
      <Filter>Source Files</Filter>
    </ClCompile>
    <ClCompile Include="PrintTimeEstimator.cpp">
      <Filter>Source Files</Filter>
    </ClCompile>
    <ClCompile Include="TestPrint.cpp">
      <Filter>Source Files</Filter>
    </ClCompile>
    <ClCompile Include="Geometry.cpp">
      <Filter>Source Files</Filter>
    </ClCompile>
    <ClCompile Include="SupportAnalyzer.cpp">
      <Filter>Source Files</Filter>
    </ClCompile>
    <ClCompile Include="CoasterPrint.cpp">
      <Filter>Source Files</Filter>
    </ClCompile>
    <ClCompile Include="colour.cpp">
      <Filter>Source Files</Filter>
    </ClCompile>
    <ClCompile Include="OpenglExt.cpp">
      <Filter>Source Files</Filter>
    </ClCompile>
    <ClCompile Include="View3DPane.cpp">
      <Filter>Source Files</Filter>
    </ClCompile>
    <ClCompile Include="GridView.cpp">
      <Filter>Source Files</Filter>
    </ClCompile>
    <ClCompile Include="ModelViewPane.cpp">
      <Filter>Source Files</Filter>
    </ClCompile>
    <ClCompile Include="PaintViewPane.cpp">
      <Filter>Source Files</Filter>
    </ClCompile>
    <ClCompile Include="GCodeViewPane.cpp">
      <Filter>Source Files</Filter>
    </ClCompile>
    <ClCompile Include="PaintableTexture.cpp">
      <Filter>Source Files</Filter>
    </ClCompile>
    <ClCompile Include="colourGrid.cpp">
      <Filter>Source Files</Filter>
    </ClCompile>
    <ClCompile Include="newSettings.cpp">
      <Filter>Source Files</Filter>
    </ClCompile>
    <ClCompile Include="RovaSettings.cpp">
      <Filter>Source Files</Filter>
    </ClCompile>
    <ClCompile Include="machineControl.cpp">
      <Filter>Source Files</Filter>
    </ClCompile>
    <ClCompile Include="controlPanel.cpp">
      <Filter>Source Files</Filter>
    </ClCompile>
    <ClCompile Include="SerialPort.cpp">
      <Filter>Source Files</Filter>
    </ClCompile>
    <ClCompile Include="SerialCom.cpp">
      <Filter>Source Files</Filter>
    </ClCompile>
    <ClCompile Include="GCodeSender.cpp">
      <Filter>Source Files</Filter>
    </ClCompile>
    <ClCompile Include="MainFrame.cpp">
      <Filter>Source Files</Filter>
    </ClCompile>
    <ClCompile Include="PrintBed.cpp">
      <Filter>Source Files</Filter>
    </ClCompile>
    <ClCompile Include="objectControl.cpp">
      <Filter>Source Files</Filter>
    </ClCompile>
    <ClCompile Include="PropPanel.cpp">
      <Filter>Source Files</Filter>
    </ClCompile>
    <ClCompile Include="ModelPropPanel.cpp">
      <Filter>Source Files</Filter>
    </ClCompile>
    <ClCompile Include="SupportTower.cpp">
      <Filter>Source Files</Filter>
    </ClCompile>
    <ClCompile Include="CompatForm.cpp">
      <Filter>Source Files</Filter>
    </ClCompile>
    <ClCompile Include="Rova5Compat.cpp">
      <Filter>Source Files</Filter>
    </ClCompile>
    <ClCompile Include="LineToLoopSolver.cpp">
      <Filter>Source Files</Filter>
    </ClCompile>
    <ClCompile Include="ColourAdjustDialog.cpp">
      <Filter>Source Files</Filter>
    </ClCompile>
    <ClCompile Include="ColourAdjustWindow.cpp">
      <Filter>Source Files</Filter>
    </ClCompile>
    <ClCompile Include="wxImagePanel.cpp">
      <Filter>Source Files</Filter>
    </ClCompile>
    <ClCompile Include="SupportManager.cpp">
      <Filter>Source Files</Filter>
    </ClCompile>
    <ClCompile Include="SupportGCodeVisualizer.cpp">
      <Filter>Source Files</Filter>
    </ClCompile>
    <ClCompile Include="FilamentUsageCounter.cpp">
      <Filter>Source Files</Filter>
    </ClCompile>
    <ClCompile Include="GCodeVisualizerWX.cpp">
      <Filter>Source Files</Filter>
    </ClCompile>
    <ClCompile Include="gCodeControlWindow.cpp">
      <Filter>Source Files</Filter>
    </ClCompile>
    <ClCompile Include="minizip\ioapi.c">
      <Filter>Source Files\Minizip</Filter>
    </ClCompile>
    <ClCompile Include="minizip\iowin32.c">
      <Filter>Source Files\Minizip</Filter>
    </ClCompile>
    <ClCompile Include="minizip\mztools.c">
      <Filter>Source Files\Minizip</Filter>
    </ClCompile>
    <ClCompile Include="minizip\unzip.c">
      <Filter>Source Files\Minizip</Filter>
    </ClCompile>
    <ClCompile Include="minizip\zip.c">
      <Filter>Source Files\Minizip</Filter>
    </ClCompile>
    <ClCompile Include="PrintBedPackage.cpp">
      <Filter>Source Files</Filter>
    </ClCompile>
    <ClCompile Include="iDrawable.cpp">
      <Filter>Source Files</Filter>
    </ClCompile>
    <ClCompile Include="defaultSettings.cpp">
      <Filter>Source Files</Filter>
    </ClCompile>
    <ClCompile Include="images\rsimages.c">
      <Filter>Source Files\imageres</Filter>
    </ClCompile>
    <ClCompile Include="images\splashscreen.c">
      <Filter>Source Files\imageres</Filter>
    </ClCompile>
    <ClCompile Include="AboutDialog.cpp">
      <Filter>Source Files</Filter>
    </ClCompile>
    <ClCompile Include="AboutDialogOverride.cpp">
      <Filter>Source Files</Filter>
    </ClCompile>
    <ClCompile Include="EULADialog.cpp">
      <Filter>Source Files</Filter>
    </ClCompile>
    <ClCompile Include="EULAOverride.cpp">
      <Filter>Source Files</Filter>
    </ClCompile>
    <ClCompile Include="EULA.c">
      <Filter>Source Files</Filter>
    </ClCompile>
    <ClCompile Include="colourSubstitionWX.cpp">
      <Filter>Source Files</Filter>
    </ClCompile>
    <ClCompile Include="PrintPathPlanner.cpp">
      <Filter>Source Files</Filter>
    </ClCompile>
    <ClCompile Include="SupportMesh.cpp">
      <Filter>Source Files</Filter>
    </ClCompile>
    <ClCompile Include="UserMesh.cpp">
      <Filter>Source Files</Filter>
    </ClCompile>
    <ClCompile Include="IslandWriter.cpp">
      <Filter>Source Files</Filter>
    </ClCompile>
    <ClCompile Include="MovementWriter.cpp">
      <Filter>Source Files</Filter>
    </ClCompile>
    <ClCompile Include="ToolColourWriter.cpp">
      <Filter>Source Files</Filter>
    </ClCompile>
    <ClCompile Include="iSlicable.cpp">
      <Filter>Source Files</Filter>
    </ClCompile>
  </ItemGroup>
  <ItemGroup>
    <ClInclude Include="Mesh.h">
      <Filter>Header Files</Filter>
    </ClInclude>
    <ClInclude Include="ObjImporter.h">
      <Filter>Header Files</Filter>
    </ClInclude>
    <ClInclude Include="Settings.h">
      <Filter>Header Files</Filter>
    </ClInclude>
    <ClInclude Include="Triangle.h">
      <Filter>Header Files</Filter>
    </ClInclude>
    <ClInclude Include="AABoundingBox.h">
      <Filter>Header Files</Filter>
    </ClInclude>
    <ClInclude Include="Surface.h">
      <Filter>Header Files</Filter>
    </ClInclude>
    <ClInclude Include="Perimeter.h">
      <Filter>Header Files</Filter>
    </ClInclude>
    <ClInclude Include="Line.h">
      <Filter>Header Files</Filter>
    </ClInclude>
    <ClInclude Include="Layer.h">
      <Filter>Header Files</Filter>
    </ClInclude>
    <ClInclude Include="GCodeVisualizer.h">
      <Filter>Header Files</Filter>
    </ClInclude>
    <ClInclude Include="Infill.h">
      <Filter>Header Files</Filter>
    </ClInclude>
    <ClInclude Include="Singleton.h">
      <Filter>Header Files</Filter>
    </ClInclude>
    <ClInclude Include="GCodeWriter.h">
      <Filter>Header Files</Filter>
    </ClInclude>
    <ClInclude Include="iSlicable.h">
      <Filter>Header Files</Filter>
    </ClInclude>
    <ClInclude Include="RSPolygon.h">
      <Filter>Header Files</Filter>
    </ClInclude>
    <ClInclude Include="Vertex.h">
      <Filter>Header Files</Filter>
    </ClInclude>
    <ClInclude Include="colour.h">
      <Filter>Header Files</Filter>
    </ClInclude>
    <ClInclude Include="BodySplitterTexture.h">
      <Filter>Header Files</Filter>
    </ClInclude>
    <ClInclude Include="Dialogs.h">
      <Filter>Header Files</Filter>
    </ClInclude>
    <ClInclude Include="PrimeTowerHandler.h">
      <Filter>Header Files</Filter>
    </ClInclude>
    <ClInclude Include="Slicer.h">
      <Filter>Header Files</Filter>
    </ClInclude>
    <ClInclude Include="ClipperLib\RoVaclipper.hpp">
      <Filter>Header Files</Filter>
    </ClInclude>
    <ClInclude Include="ThreadPool\ThreadPool.h">
      <Filter>Header Files</Filter>
    </ClInclude>
    <ClInclude Include="CameraControl.h">
      <Filter>Header Files</Filter>
    </ClInclude>
    <ClInclude Include="MotionPlanner.h">
      <Filter>Header Files</Filter>
    </ClInclude>
    <ClInclude Include="PrintTimeEstimator.h">
      <Filter>Header Files</Filter>
    </ClInclude>
    <ClInclude Include="TestPrint.h">
      <Filter>Header Files</Filter>
    </ClInclude>
    <ClInclude Include="Geometry.h">
      <Filter>Header Files</Filter>
    </ClInclude>
    <ClInclude Include="SupportAnalyzer.h">
      <Filter>Header Files</Filter>
    </ClInclude>
    <ClInclude Include="CoasterPrint.h">
      <Filter>Header Files</Filter>
    </ClInclude>
    <ClInclude Include="OpenglExt.h">
      <Filter>Header Files</Filter>
    </ClInclude>
    <ClInclude Include="View3DPane.h">
      <Filter>Header Files</Filter>
    </ClInclude>
    <ClInclude Include="GridView.h">
      <Filter>Header Files</Filter>
    </ClInclude>
    <ClInclude Include="ModelViewPane.h">
      <Filter>Header Files</Filter>
    </ClInclude>
    <ClInclude Include="PaintViewPane.h">
      <Filter>Header Files</Filter>
    </ClInclude>
    <ClInclude Include="GCodeViewPane.h">
      <Filter>Header Files</Filter>
    </ClInclude>
    <ClInclude Include="iDrawable.h">
      <Filter>Header Files</Filter>
    </ClInclude>
    <ClInclude Include="PaintableTexture.h">
      <Filter>Header Files</Filter>
    </ClInclude>
    <ClInclude Include="tinyobjloader\tiny_obj_loader.h">
      <Filter>Header Files</Filter>
    </ClInclude>
    <ClInclude Include="colourGrid.h">
      <Filter>Header Files</Filter>
    </ClInclude>
    <ClInclude Include="newSettings.h">
      <Filter>Header Files</Filter>
    </ClInclude>
    <ClInclude Include="RovaSettings.h">
      <Filter>Header Files</Filter>
    </ClInclude>
    <ClInclude Include="machineControl.h">
      <Filter>Header Files</Filter>
    </ClInclude>
    <ClInclude Include="controlPanel.h">
      <Filter>Header Files</Filter>
    </ClInclude>
    <ClInclude Include="SerialPort.h">
      <Filter>Header Files</Filter>
    </ClInclude>
    <ClInclude Include="SerialCom.h">
      <Filter>Header Files</Filter>
    </ClInclude>
    <ClInclude Include="GCodeSender.h">
      <Filter>Header Files</Filter>
    </ClInclude>
    <ClInclude Include="MainFrame.h">
      <Filter>Header Files</Filter>
    </ClInclude>
    <ClInclude Include="PrintBed.h">
      <Filter>Header Files</Filter>
    </ClInclude>
    <ClInclude Include="objectControl.h">
      <Filter>Header Files</Filter>
    </ClInclude>
    <ClInclude Include="PropPanel.h">
      <Filter>Header Files</Filter>
    </ClInclude>
    <ClInclude Include="ModelPropPanel.h">
      <Filter>Header Files</Filter>
    </ClInclude>
    <ClInclude Include="SupportTower.h">
      <Filter>Header Files</Filter>
    </ClInclude>
    <ClInclude Include="CompatForm.h">
      <Filter>Header Files</Filter>
    </ClInclude>
    <ClInclude Include="Rova5Compat.h">
      <Filter>Header Files</Filter>
    </ClInclude>
    <ClInclude Include="LineToLoopSolver.h">
      <Filter>Header Files</Filter>
    </ClInclude>
    <ClInclude Include="ColourAdjustDialog.h">
      <Filter>Header Files</Filter>
    </ClInclude>
    <ClInclude Include="ColourAdjustWindow.h">
      <Filter>Header Files</Filter>
    </ClInclude>
    <ClInclude Include="wxImagePanel.h">
      <Filter>Header Files</Filter>
    </ClInclude>
    <ClInclude Include="SupportManager.h">
      <Filter>Header Files</Filter>
    </ClInclude>
    <ClInclude Include="SupportGCodeVisualizer.h">
      <Filter>Header Files</Filter>
    </ClInclude>
    <ClInclude Include="resource.h">
      <Filter>Header Files</Filter>
    </ClInclude>
    <ClInclude Include="FilamentUsageCounter.h">
      <Filter>Header Files</Filter>
    </ClInclude>
    <ClInclude Include="GCodeVisualizerWX.h">
      <Filter>Header Files</Filter>
    </ClInclude>
    <ClInclude Include="gCodeControlWindow.h">
      <Filter>Header Files</Filter>
    </ClInclude>
    <ClInclude Include="minizip\crypt.h">
      <Filter>Header Files\Minizp</Filter>
    </ClInclude>
    <ClInclude Include="minizip\ioapi.h">
      <Filter>Header Files\Minizp</Filter>
    </ClInclude>
    <ClInclude Include="minizip\iowin32.h">
      <Filter>Header Files\Minizp</Filter>
    </ClInclude>
    <ClInclude Include="minizip\mztools.h">
      <Filter>Header Files\Minizp</Filter>
    </ClInclude>
    <ClInclude Include="minizip\unzip.h">
      <Filter>Header Files\Minizp</Filter>
    </ClInclude>
    <ClInclude Include="minizip\zip.h">
      <Filter>Header Files\Minizp</Filter>
    </ClInclude>
    <ClInclude Include="PrintBedPackage.h">
      <Filter>Header Files</Filter>
    </ClInclude>
    <ClInclude Include="defaultSettings.h">
      <Filter>Header Files</Filter>
    </ClInclude>
    <ClInclude Include="images\rsimages.h">
      <Filter>Header Files\imageres</Filter>
    </ClInclude>
    <ClInclude Include="images\splashscreen.h">
      <Filter>Header Files\imageres</Filter>
    </ClInclude>
    <ClInclude Include="AboutDialog.h">
      <Filter>Header Files</Filter>
    </ClInclude>
    <ClInclude Include="AboutDialogOverride.h">
      <Filter>Header Files</Filter>
    </ClInclude>
    <ClInclude Include="EULADialog.h">
      <Filter>Header Files</Filter>
    </ClInclude>
    <ClInclude Include="EULAOverride.h">
      <Filter>Header Files</Filter>
    </ClInclude>
    <ClInclude Include="EULA.h">
      <Filter>Header Files</Filter>
    </ClInclude>
    <ClInclude Include="colourSubstitionWX.h">
      <Filter>Header Files</Filter>
    </ClInclude>
    <ClInclude Include="PrintPathPlanner.h">
      <Filter>Header Files</Filter>
    </ClInclude>
    <ClInclude Include="CSGJS.h">
      <Filter>Header Files</Filter>
    </ClInclude>
    <ClInclude Include="SupportMesh.h">
      <Filter>Header Files</Filter>
    </ClInclude>
    <ClInclude Include="UserMesh.h">
      <Filter>Header Files</Filter>
    </ClInclude>
    <ClInclude Include="IslandWriter.h">
      <Filter>Header Files</Filter>
    </ClInclude>
    <ClInclude Include="MovementWriter.h">
      <Filter>Header Files</Filter>
    </ClInclude>
    <ClInclude Include="ToolColourWriter.h">
      <Filter>Header Files</Filter>
    </ClInclude>
  </ItemGroup>
  <ItemGroup>
    <None Include="GCodeSettings.ini">
      <Filter>Resource Files</Filter>
    </None>
    <None Include="SliceSettings.ini">
      <Filter>Resource Files</Filter>
    </None>
    <None Include="UISettings.ini">
      <Filter>Resource Files</Filter>
    </None>
    <None Include="..\SettingsForm.fbp">
      <Filter>Resource Files</Filter>
    </None>
    <None Include="..\PrintControl.fbp">
      <Filter>Resource Files</Filter>
    </None>
    <None Include="..\..\..\..\Steve%27s Testing\BodySplitter_current_version\BodySplitter\BodySplitter\ClassDiagram.cd" />
  </ItemGroup>
  <ItemGroup>
    <ResourceCompile Include="BodySplitter.rc">
      <Filter>Resource Files</Filter>
    </ResourceCompile>
  </ItemGroup>
  <ItemGroup>
    <Image Include="App Icon 64x64.ico">
      <Filter>Resource Files</Filter>
    </Image>
  </ItemGroup>
</Project>